// !$*UTF8*$!
{
	archiveVersion = 1;
	classes = {
	};
	objectVersion = 46;
	objects = {

/* Begin PBXBuildFile section */
		9CF9BF531D5F63CD00FF26F0 /* AppDelegate.swift in Sources */ = {isa = PBXBuildFile; fileRef = 9CF9BF521D5F63CD00FF26F0 /* AppDelegate.swift */; };
		9CF9BF551D5F63CD00FF26F0 /* ViewController.swift in Sources */ = {isa = PBXBuildFile; fileRef = 9CF9BF541D5F63CD00FF26F0 /* ViewController.swift */; };
		9CF9BF581D5F63CD00FF26F0 /* Main.storyboard in Resources */ = {isa = PBXBuildFile; fileRef = 9CF9BF561D5F63CD00FF26F0 /* Main.storyboard */; };
		9CF9BF5A1D5F63CD00FF26F0 /* Assets.xcassets in Resources */ = {isa = PBXBuildFile; fileRef = 9CF9BF591D5F63CD00FF26F0 /* Assets.xcassets */; };
		9CF9BF5D1D5F63CD00FF26F0 /* LaunchScreen.storyboard in Resources */ = {isa = PBXBuildFile; fileRef = 9CF9BF5B1D5F63CD00FF26F0 /* LaunchScreen.storyboard */; };
/* End PBXBuildFile section */

/* Begin PBXFileReference section */
		9CF9BF4F1D5F63CD00FF26F0 /* GOChat.app */ = {isa = PBXFileReference; explicitFileType = wrapper.application; includeInIndex = 0; path = GOChat.app; sourceTree = BUILT_PRODUCTS_DIR; };
		9CF9BF521D5F63CD00FF26F0 /* AppDelegate.swift */ = {isa = PBXFileReference; lastKnownFileType = sourcecode.swift; path = AppDelegate.swift; sourceTree = "<group>"; };
		9CF9BF541D5F63CD00FF26F0 /* ViewController.swift */ = {isa = PBXFileReference; lastKnownFileType = sourcecode.swift; path = ViewController.swift; sourceTree = "<group>"; };
		9CF9BF571D5F63CD00FF26F0 /* Base */ = {isa = PBXFileReference; lastKnownFileType = file.storyboard; name = Base; path = Base.lproj/Main.storyboard; sourceTree = "<group>"; };
		9CF9BF591D5F63CD00FF26F0 /* Assets.xcassets */ = {isa = PBXFileReference; lastKnownFileType = folder.assetcatalog; path = Assets.xcassets; sourceTree = "<group>"; };
		9CF9BF5C1D5F63CD00FF26F0 /* Base */ = {isa = PBXFileReference; lastKnownFileType = file.storyboard; name = Base; path = Base.lproj/LaunchScreen.storyboard; sourceTree = "<group>"; };
		9CF9BF5E1D5F63CD00FF26F0 /* Info.plist */ = {isa = PBXFileReference; lastKnownFileType = text.plist.xml; path = Info.plist; sourceTree = "<group>"; };
/* End PBXFileReference section */

/* Begin PBXFrameworksBuildPhase section */
		9CF9BF4C1D5F63CD00FF26F0 /* Frameworks */ = {
			isa = PBXFrameworksBuildPhase;
			buildActionMask = 2147483647;
			files = (
			);
			runOnlyForDeploymentPostprocessing = 0;
		};
/* End PBXFrameworksBuildPhase section */

/* Begin PBXGroup section */
		9CF9BF461D5F63CD00FF26F0 = {
			isa = PBXGroup;
			children = (
				9CF9BF511D5F63CD00FF26F0 /* GOChat */,
				9CF9BF501D5F63CD00FF26F0 /* Products */,
			);
			sourceTree = "<group>";
		};
		9CF9BF501D5F63CD00FF26F0 /* Products */ = {
			isa = PBXGroup;
			children = (
				9CF9BF4F1D5F63CD00FF26F0 /* GOChat.app */,
			);
			name = Products;
			sourceTree = "<group>";
		};
		9CF9BF511D5F63CD00FF26F0 /* GOChat */ = {
			isa = PBXGroup;
			children = (
				9CF9BF521D5F63CD00FF26F0 /* AppDelegate.swift */,
				9CF9BF541D5F63CD00FF26F0 /* ViewController.swift */,
				9CF9BF561D5F63CD00FF26F0 /* Main.storyboard */,
				9CF9BF591D5F63CD00FF26F0 /* Assets.xcassets */,
				9CF9BF5B1D5F63CD00FF26F0 /* LaunchScreen.storyboard */,
				9CF9BF5E1D5F63CD00FF26F0 /* Info.plist */,
			);
			path = GOChat;
			sourceTree = "<group>";
		};
/* End PBXGroup section */

/* Begin PBXNativeTarget section */
		9CF9BF4E1D5F63CD00FF26F0 /* GOChat */ = {
			isa = PBXNativeTarget;
			buildConfigurationList = 9CF9BF611D5F63CD00FF26F0 /* Build configuration list for PBXNativeTarget "GOChat" */;
			buildPhases = (
				9CF9BF4B1D5F63CD00FF26F0 /* Sources */,
				9CF9BF4C1D5F63CD00FF26F0 /* Frameworks */,
				9CF9BF4D1D5F63CD00FF26F0 /* Resources */,
			);
			buildRules = (
			);
			dependencies = (
			);
			name = GOChat;
			productName = GOChat;
			productReference = 9CF9BF4F1D5F63CD00FF26F0 /* GOChat.app */;
			productType = "com.apple.product-type.application";
		};
/* End PBXNativeTarget section */

/* Begin PBXProject section */
		9CF9BF471D5F63CD00FF26F0 /* Project object */ = {
			isa = PBXProject;
			attributes = {
				LastSwiftUpdateCheck = 0800;
				LastUpgradeCheck = 0800;
				ORGANIZATIONNAME = Ricky;
				TargetAttributes = {
					9CF9BF4E1D5F63CD00FF26F0 = {
						CreatedOnToolsVersion = 8.0;
						DevelopmentTeam = 7GQEY52HJQ;
						ProvisioningStyle = Automatic;
					};
				};
			};
			buildConfigurationList = 9CF9BF4A1D5F63CD00FF26F0 /* Build configuration list for PBXProject "GOChat" */;
			compatibilityVersion = "Xcode 3.2";
			developmentRegion = English;
			hasScannedForEncodings = 0;
			knownRegions = (
				en,
				Base,
			);
			mainGroup = 9CF9BF461D5F63CD00FF26F0;
			productRefGroup = 9CF9BF501D5F63CD00FF26F0 /* Products */;
			projectDirPath = "";
			projectRoot = "";
			targets = (
				9CF9BF4E1D5F63CD00FF26F0 /* GOChat */,
			);
		};
/* End PBXProject section */

/* Begin PBXResourcesBuildPhase section */
		9CF9BF4D1D5F63CD00FF26F0 /* Resources */ = {
			isa = PBXResourcesBuildPhase;
			buildActionMask = 2147483647;
			files = (
				9CF9BF5D1D5F63CD00FF26F0 /* LaunchScreen.storyboard in Resources */,
				9CF9BF5A1D5F63CD00FF26F0 /* Assets.xcassets in Resources */,
				9CF9BF581D5F63CD00FF26F0 /* Main.storyboard in Resources */,
			);
			runOnlyForDeploymentPostprocessing = 0;
		};
/* End PBXResourcesBuildPhase section */

/* Begin PBXSourcesBuildPhase section */
		9CF9BF4B1D5F63CD00FF26F0 /* Sources */ = {
			isa = PBXSourcesBuildPhase;
			buildActionMask = 2147483647;
			files = (
				9CF9BF551D5F63CD00FF26F0 /* ViewController.swift in Sources */,
				9CF9BF531D5F63CD00FF26F0 /* AppDelegate.swift in Sources */,
			);
			runOnlyForDeploymentPostprocessing = 0;
		};
/* End PBXSourcesBuildPhase section */

/* Begin PBXVariantGroup section */
		9CF9BF561D5F63CD00FF26F0 /* Main.storyboard */ = {
			isa = PBXVariantGroup;
			children = (
				9CF9BF571D5F63CD00FF26F0 /* Base */,
			);
			name = Main.storyboard;
			sourceTree = "<group>";
		};
		9CF9BF5B1D5F63CD00FF26F0 /* LaunchScreen.storyboard */ = {
			isa = PBXVariantGroup;
			children = (
				9CF9BF5C1D5F63CD00FF26F0 /* Base */,
			);
			name = LaunchScreen.storyboard;
			sourceTree = "<group>";
		};
/* End PBXVariantGroup section */

/* Begin XCBuildConfiguration section */
		9CF9BF5F1D5F63CD00FF26F0 /* Debug */ = {
			isa = XCBuildConfiguration;
			buildSettings = {
				ALWAYS_SEARCH_USER_PATHS = NO;
				CLANG_ANALYZER_NONNULL = YES;
				CLANG_CXX_LANGUAGE_STANDARD = "gnu++0x";
				CLANG_CXX_LIBRARY = "libc++";
				CLANG_ENABLE_MODULES = YES;
				CLANG_ENABLE_OBJC_ARC = YES;
				CLANG_WARN_BOOL_CONVERSION = YES;
				CLANG_WARN_CONSTANT_CONVERSION = YES;
				CLANG_WARN_DIRECT_OBJC_ISA_USAGE = YES_ERROR;
				CLANG_WARN_DOCUMENTATION_COMMENTS = YES;
				CLANG_WARN_EMPTY_BODY = YES;
				CLANG_WARN_ENUM_CONVERSION = YES;
				CLANG_WARN_INFINITE_RECURSION = YES;
				CLANG_WARN_INT_CONVERSION = YES;
				CLANG_WARN_OBJC_ROOT_CLASS = YES_ERROR;
				CLANG_WARN_SUSPICIOUS_MOVES = YES;
				CLANG_WARN_UNREACHABLE_CODE = YES;
				CLANG_WARN__DUPLICATE_METHOD_MATCH = YES;
				"CODE_SIGN_IDENTITY[sdk=iphoneos*]" = "iPhone Developer";
				COPY_PHASE_STRIP = NO;
				DEBUG_INFORMATION_FORMAT = dwarf;
				ENABLE_STRICT_OBJC_MSGSEND = YES;
				ENABLE_TESTABILITY = YES;
				GCC_C_LANGUAGE_STANDARD = gnu99;
				GCC_DYNAMIC_NO_PIC = NO;
				GCC_NO_COMMON_BLOCKS = YES;
				GCC_OPTIMIZATION_LEVEL = 0;
				GCC_PREPROCESSOR_DEFINITIONS = (
					"DEBUG=1",
					"$(inherited)",
				);
				GCC_WARN_64_TO_32_BIT_CONVERSION = YES;
				GCC_WARN_ABOUT_RETURN_TYPE = YES_ERROR;
				GCC_WARN_UNDECLARED_SELECTOR = YES;
				GCC_WARN_UNINITIALIZED_AUTOS = YES_AGGRESSIVE;
				GCC_WARN_UNUSED_FUNCTION = YES;
				GCC_WARN_UNUSED_VARIABLE = YES;
				IPHONEOS_DEPLOYMENT_TARGET = 10.0;
				MTL_ENABLE_DEBUG_INFO = YES;
				ONLY_ACTIVE_ARCH = YES;
				SDKROOT = iphoneos;
				SWIFT_ACTIVE_COMPILATION_CONDITIONS = DEBUG;
				SWIFT_OPTIMIZATION_LEVEL = "-Onone";
				TARGETED_DEVICE_FAMILY = "1,2";
			};
			name = Debug;
		};
		9CF9BF601D5F63CD00FF26F0 /* Release */ = {
			isa = XCBuildConfiguration;
			buildSettings = {
				ALWAYS_SEARCH_USER_PATHS = NO;
				CLANG_ANALYZER_NONNULL = YES;
				CLANG_CXX_LANGUAGE_STANDARD = "gnu++0x";
				CLANG_CXX_LIBRARY = "libc++";
				CLANG_ENABLE_MODULES = YES;
				CLANG_ENABLE_OBJC_ARC = YES;
				CLANG_WARN_BOOL_CONVERSION = YES;
				CLANG_WARN_CONSTANT_CONVERSION = YES;
				CLANG_WARN_DIRECT_OBJC_ISA_USAGE = YES_ERROR;
				CLANG_WARN_DOCUMENTATION_COMMENTS = YES;
				CLANG_WARN_EMPTY_BODY = YES;
				CLANG_WARN_ENUM_CONVERSION = YES;
				CLANG_WARN_INFINITE_RECURSION = YES;
				CLANG_WARN_INT_CONVERSION = YES;
				CLANG_WARN_OBJC_ROOT_CLASS = YES_ERROR;
				CLANG_WARN_SUSPICIOUS_MOVES = YES;
				CLANG_WARN_UNREACHABLE_CODE = YES;
				CLANG_WARN__DUPLICATE_METHOD_MATCH = YES;
				"CODE_SIGN_IDENTITY[sdk=iphoneos*]" = "iPhone Developer";
				COPY_PHASE_STRIP = NO;
				DEBUG_INFORMATION_FORMAT = "dwarf-with-dsym";
				ENABLE_NS_ASSERTIONS = NO;
				ENABLE_STRICT_OBJC_MSGSEND = YES;
				GCC_C_LANGUAGE_STANDARD = gnu99;
				GCC_NO_COMMON_BLOCKS = YES;
				GCC_WARN_64_TO_32_BIT_CONVERSION = YES;
				GCC_WARN_ABOUT_RETURN_TYPE = YES_ERROR;
				GCC_WARN_UNDECLARED_SELECTOR = YES;
				GCC_WARN_UNINITIALIZED_AUTOS = YES_AGGRESSIVE;
				GCC_WARN_UNUSED_FUNCTION = YES;
				GCC_WARN_UNUSED_VARIABLE = YES;
				IPHONEOS_DEPLOYMENT_TARGET = 10.0;
				MTL_ENABLE_DEBUG_INFO = NO;
				SDKROOT = iphoneos;
				SWIFT_OPTIMIZATION_LEVEL = "-Owholemodule";
				TARGETED_DEVICE_FAMILY = "1,2";
				VALIDATE_PRODUCT = YES;
			};
			name = Release;
		};
		9CF9BF621D5F63CD00FF26F0 /* Debug */ = {
			isa = XCBuildConfiguration;
			buildSettings = {
				ASSETCATALOG_COMPILER_APPICON_NAME = AppIcon;
				DEVELOPMENT_TEAM = 7GQEY52HJQ;
				INFOPLIST_FILE = GOChat/Info.plist;
				LD_RUNPATH_SEARCH_PATHS = "$(inherited) @executable_path/Frameworks";
				PRODUCT_BUNDLE_IDENTIFIER = com.schuaman.GOChat;
				PRODUCT_NAME = "$(TARGET_NAME)";
				SWIFT_VERSION = 3.0;
			};
			name = Debug;
		};
		9CF9BF631D5F63CD00FF26F0 /* Release */ = {
			isa = XCBuildConfiguration;
			buildSettings = {
				ASSETCATALOG_COMPILER_APPICON_NAME = AppIcon;
				DEVELOPMENT_TEAM = 7GQEY52HJQ;
				INFOPLIST_FILE = GOChat/Info.plist;
				LD_RUNPATH_SEARCH_PATHS = "$(inherited) @executable_path/Frameworks";
				PRODUCT_BUNDLE_IDENTIFIER = com.schuaman.GOChat;
				PRODUCT_NAME = "$(TARGET_NAME)";
				SWIFT_VERSION = 3.0;
			};
			name = Release;
		};
/* End XCBuildConfiguration section */

/* Begin XCConfigurationList section */
		9CF9BF4A1D5F63CD00FF26F0 /* Build configuration list for PBXProject "GOChat" */ = {
			isa = XCConfigurationList;
			buildConfigurations = (
				9CF9BF5F1D5F63CD00FF26F0 /* Debug */,
				9CF9BF601D5F63CD00FF26F0 /* Release */,
			);
			defaultConfigurationIsVisible = 0;
			defaultConfigurationName = Release;
		};
		9CF9BF611D5F63CD00FF26F0 /* Build configuration list for PBXNativeTarget "GOChat" */ = {
			isa = XCConfigurationList;
			buildConfigurations = (
				9CF9BF621D5F63CD00FF26F0 /* Debug */,
				9CF9BF631D5F63CD00FF26F0 /* Release */,
			);
			defaultConfigurationIsVisible = 0;
		};
/* End XCConfigurationList section */
	};
	rootObject = 9CF9BF471D5F63CD00FF26F0 /* Project object */;
}
